
Microsoft Visual Studio Solution File, Format Version 12.00
# Visual Studio Version 16
VisualStudioVersion = 16.0.30621.155
MinimumVisualStudioVersion = 10.0.40219.1
Project("{2150E333-8FDC-42A3-9474-1A3956D46DE8}") = "src", "src", "{4F6100D6-36AA-4E93-9EE1-B114147238C5}"
EndProject
Project("{2150E333-8FDC-42A3-9474-1A3956D46DE8}") = "tests", "tests", "{4753FE7B-EAA1-4855-BDEB-895AA51BAADF}"
EndProject
Project("{2150E333-8FDC-42A3-9474-1A3956D46DE8}") = "discord", "discord", "{6775EDDD-80D5-4EAC-AA13-4E40847D17D8}"
EndProject
Project("{FAE04EC0-301F-11D3-BF4B-00C04F79EFBC}") = "Erza.Discord.Gateway", "DIscord\Erza.Discord.Gateway\Erza.Discord.Gateway.csproj", "{9AF68A38-F46E-4638-A416-06DDB717C2CC}"
EndProject
Project("{FAE04EC0-301F-11D3-BF4B-00C04F79EFBC}") = "Erza.Discord.Server", "DIscord\Erza.Discord.Server\Erza.Discord.Server.csproj", "{40D6C3AE-97B5-4A90-B82A-DD3007AB8D70}"
EndProject
Global
	GlobalSection(SolutionConfigurationPlatforms) = preSolution
		Debug|Any CPU = Debug|Any CPU
		Release|Any CPU = Release|Any CPU
	EndGlobalSection
	GlobalSection(ProjectConfigurationPlatforms) = postSolution
		{9AF68A38-F46E-4638-A416-06DDB717C2CC}.Debug|Any CPU.ActiveCfg = Debug|Any CPU
		{9AF68A38-F46E-4638-A416-06DDB717C2CC}.Debug|Any CPU.Build.0 = Debug|Any CPU
		{9AF68A38-F46E-4638-A416-06DDB717C2CC}.Release|Any CPU.ActiveCfg = Release|Any CPU
		{9AF68A38-F46E-4638-A416-06DDB717C2CC}.Release|Any CPU.Build.0 = Release|Any CPU
		{40D6C3AE-97B5-4A90-B82A-DD3007AB8D70}.Debug|Any CPU.ActiveCfg = Debug|Any CPU
		{40D6C3AE-97B5-4A90-B82A-DD3007AB8D70}.Debug|Any CPU.Build.0 = Debug|Any CPU
		{40D6C3AE-97B5-4A90-B82A-DD3007AB8D70}.Release|Any CPU.ActiveCfg = Release|Any CPU
		{40D6C3AE-97B5-4A90-B82A-DD3007AB8D70}.Release|Any CPU.Build.0 = Release|Any CPU
	EndGlobalSection
	GlobalSection(SolutionProperties) = preSolution
		HideSolutionNode = FALSE
	EndGlobalSection
	GlobalSection(NestedProjects) = preSolution
		{6775EDDD-80D5-4EAC-AA13-4E40847D17D8} = {4F6100D6-36AA-4E93-9EE1-B114147238C5}
		{9AF68A38-F46E-4638-A416-06DDB717C2CC} = {6775EDDD-80D5-4EAC-AA13-4E40847D17D8}
		{40D6C3AE-97B5-4A90-B82A-DD3007AB8D70} = {6775EDDD-80D5-4EAC-AA13-4E40847D17D8}
	EndGlobalSection
	GlobalSection(ExtensibilityGlobals) = postSolution
		SolutionGuid = {659DE079-5CDD-45CB-927E-2010355EAA98}
	EndGlobalSection
EndGlobal
